
Microsoft Visual Studio Solution File, Format Version 12.00
# Visual Studio Version 17
VisualStudioVersion = 17.11.35208.52
MinimumVisualStudioVersion = 10.0.40219.1
Project("{FAE04EC0-301F-11D3-BF4B-00C04F79EFBC}") = "LFBuilder", "LFBuilder.csproj", "{A8BBD75B-B14F-4311-AD85-8F68A2706C67}"
EndProject
Global
	GlobalSection(SolutionConfigurationPlatforms) = preSolution
		Debug|Any CPU = Debug|Any CPU
		Release|Any CPU = Release|Any CPU
	EndGlobalSection
	GlobalSection(ProjectConfigurationPlatforms) = postSolution
		{A8BBD75B-B14F-4311-AD85-8F68A2706C67}.Debug|Any CPU.ActiveCfg = Debug|Any CPU
		{A8BBD75B-B14F-4311-AD85-8F68A2706C67}.Debug|Any CPU.Build.0 = Debug|Any CPU
		{A8BBD75B-B14F-4311-AD85-8F68A2706C67}.Release|Any CPU.ActiveCfg = Release|Any CPU
		{A8BBD75B-B14F-4311-AD85-8F68A2706C67}.Release|Any CPU.Build.0 = Release|Any CPU
	EndGlobalSection
	GlobalSection(SolutionProperties) = preSolution
		HideSolutionNode = FALSE
	EndGlobalSection
	GlobalSection(ExtensibilityGlobals) = postSolution
		SolutionGuid = {6E5B747E-C2C7-4EE3-B924-7D1576D3A9F6}
	EndGlobalSection
EndGlobal
